
Microsoft Visual Studio Solution File, Format Version 12.00
# Visual Studio Version 17
VisualStudioVersion = 17.14.36811.4
MinimumVisualStudioVersion = 10.0.40219.1
Project("{FAE04EC0-301F-11D3-BF4B-00C04F79EFBC}") = "zadanie1podstawowekontrolki", "zadanie1podstawowekontrolki\zadanie1podstawowekontrolki.csproj", "{3D6A885C-800B-4C76-9E00-93C895419139}"
EndProject
Project("{FAE04EC0-301F-11D3-BF4B-00C04F79EFBC}") = "Zadanie2PodstawoweKontrolki", "Zadanie2PodstawoweKontrolki\Zadanie2PodstawoweKontrolki.csproj", "{DD711779-9402-4AB8-8C08-D582F2585209}"
EndProject
Project("{FAE04EC0-301F-11D3-BF4B-00C04F79EFBC}") = "KalkNapiw2", "KalkNapiw2\KalkNapiw2.csproj", "{4F854439-3E1A-4F84-AA88-5264A94F4700}"
EndProject
Global
	GlobalSection(SolutionConfigurationPlatforms) = preSolution
		Debug|Any CPU = Debug|Any CPU
		Release|Any CPU = Release|Any CPU
	EndGlobalSection
	GlobalSection(ProjectConfigurationPlatforms) = postSolution
		{3D6A885C-800B-4C76-9E00-93C895419139}.Debug|Any CPU.ActiveCfg = Debug|Any CPU
		{3D6A885C-800B-4C76-9E00-93C895419139}.Debug|Any CPU.Build.0 = Debug|Any CPU
		{3D6A885C-800B-4C76-9E00-93C895419139}.Debug|Any CPU.Deploy.0 = Debug|Any CPU
		{3D6A885C-800B-4C76-9E00-93C895419139}.Release|Any CPU.ActiveCfg = Release|Any CPU
		{3D6A885C-800B-4C76-9E00-93C895419139}.Release|Any CPU.Build.0 = Release|Any CPU
		{DD711779-9402-4AB8-8C08-D582F2585209}.Debug|Any CPU.ActiveCfg = Debug|Any CPU
		{DD711779-9402-4AB8-8C08-D582F2585209}.Debug|Any CPU.Build.0 = Debug|Any CPU
		{DD711779-9402-4AB8-8C08-D582F2585209}.Debug|Any CPU.Deploy.0 = Debug|Any CPU
		{DD711779-9402-4AB8-8C08-D582F2585209}.Release|Any CPU.ActiveCfg = Release|Any CPU
		{DD711779-9402-4AB8-8C08-D582F2585209}.Release|Any CPU.Build.0 = Release|Any CPU
		{4F854439-3E1A-4F84-AA88-5264A94F4700}.Debug|Any CPU.ActiveCfg = Debug|Any CPU
		{4F854439-3E1A-4F84-AA88-5264A94F4700}.Debug|Any CPU.Build.0 = Debug|Any CPU
		{4F854439-3E1A-4F84-AA88-5264A94F4700}.Debug|Any CPU.Deploy.0 = Debug|Any CPU
		{4F854439-3E1A-4F84-AA88-5264A94F4700}.Release|Any CPU.ActiveCfg = Release|Any CPU
		{4F854439-3E1A-4F84-AA88-5264A94F4700}.Release|Any CPU.Build.0 = Release|Any CPU
	EndGlobalSection
	GlobalSection(SolutionProperties) = preSolution
		HideSolutionNode = FALSE
	EndGlobalSection
	GlobalSection(ExtensibilityGlobals) = postSolution
		SolutionGuid = {E51984E8-8669-45B9-B99E-BEFAEA48157F}
	EndGlobalSection
EndGlobal
